
Microsoft Visual Studio Solution File, Format Version 12.00
Project("{FAE04EC0-301F-11D3-BF4B-00C04F79EFBC}") = "MyBank", "MyBank\MyBank.csproj", "{FE05C596-1795-47E2-9CD0-758D90C805A9}"
EndProject
Project("{FAE04EC0-301F-11D3-BF4B-00C04F79EFBC}") = "MyBank.Tests", "MyBank.Tests\MyBank.Tests.csproj", "{96D5974C-88EA-4550-BCA5-0FABAC88F28C}"
EndProject
Global
	GlobalSection(SolutionConfigurationPlatforms) = preSolution
		Debug|Any CPU = Debug|Any CPU
		Release|Any CPU = Release|Any CPU
	EndGlobalSection
	GlobalSection(ProjectConfigurationPlatforms) = postSolution
		{FE05C596-1795-47E2-9CD0-758D90C805A9}.Debug|Any CPU.ActiveCfg = Debug|Any CPU
		{FE05C596-1795-47E2-9CD0-758D90C805A9}.Debug|Any CPU.Build.0 = Debug|Any CPU
		{FE05C596-1795-47E2-9CD0-758D90C805A9}.Release|Any CPU.ActiveCfg = Release|Any CPU
		{FE05C596-1795-47E2-9CD0-758D90C805A9}.Release|Any CPU.Build.0 = Release|Any CPU
		{96D5974C-88EA-4550-BCA5-0FABAC88F28C}.Debug|Any CPU.ActiveCfg = Debug|Any CPU
		{96D5974C-88EA-4550-BCA5-0FABAC88F28C}.Debug|Any CPU.Build.0 = Debug|Any CPU
		{96D5974C-88EA-4550-BCA5-0FABAC88F28C}.Release|Any CPU.ActiveCfg = Release|Any CPU
		{96D5974C-88EA-4550-BCA5-0FABAC88F28C}.Release|Any CPU.Build.0 = Release|Any CPU
	EndGlobalSection
EndGlobal
